{
  "name": "backend",
  "lockfileVersion": 3,
  "requires": true,
  "packages": {
    "": {
      "dependencies": {
        "express-oauth2-jwt-bearer": "^1.6.1",
        "jose": "^6.0.10"
      }
    },
    "node_modules/express-oauth2-jwt-bearer": {
      "version": "1.6.1",
      "resolved": "https://registry.npmjs.org/express-oauth2-jwt-bearer/-/express-oauth2-jwt-bearer-1.6.1.tgz",
      "integrity": "sha512-fhgIvVZ6iSR/jqyVHBcN9Df7VeBdVhg5d2yN6+HNrSEegmhbh9hFY+TvtvBmsv130fI06EW3Dgp9ApmYwArN6Q==",
      "license": "MIT",
      "dependencies": {
        "jose": "^4.15.5"
      },
      "engines": {
        "node": "^12.19.0 || ^14.15.0 || ^16.13.0 || ^18.12.0 || ^20.2.0 || ^22.1.0"
      }
    },
    "node_modules/express-oauth2-jwt-bearer/node_modules/jose": {
      "version": "4.15.9",
      "resolved": "https://registry.npmjs.org/jose/-/jose-4.15.9.tgz",
      "integrity": "sha512-1vUQX+IdDMVPj4k8kOxgUqlcK518yluMuGZwqlr44FS1ppZB/5GWh4rZG89erpOBOJjU/OBsnCVFfapsRz6nEA==",
      "license": "MIT",
      "funding": {
        "url": "https://github.com/sponsors/panva"
      }
    },
    "node_modules/jose": {
      "version": "6.0.10",
      "resolved": "https://registry.npmjs.org/jose/-/jose-6.0.10.tgz",
      "integrity": "sha512-skIAxZqcMkOrSwjJvplIPYrlXGpxTPnro2/QWTDCxAdWQrSTV5/KqspMWmi5WAx5+ULswASJiZ0a+1B/Lxt9cw==",
      "license": "MIT",
      "funding": {
        "url": "https://github.com/sponsors/panva"
      }
    }
  }
}
